// !$*UTF8*$!
{
	archiveVersion = 1;
	classes = {
	};
	objectVersion = 56;
	objects = {

/* Begin PBXBuildFile section */
		CBB1239429F8587B0026D626 /* My_MVVM_DemoApp.swift in Sources */ = {isa = PBXBuildFile; fileRef = CBB1239329F8587B0026D626 /* My_MVVM_DemoApp.swift */; };
		CBB1239629F8587B0026D626 /* ContentView.swift in Sources */ = {isa = PBXBuildFile; fileRef = CBB1239529F8587B0026D626 /* ContentView.swift */; };
		CBB1239829F8587C0026D626 /* Assets.xcassets in Resources */ = {isa = PBXBuildFile; fileRef = CBB1239729F8587C0026D626 /* Assets.xcassets */; };
		CBB1239B29F8587C0026D626 /* Preview Assets.xcassets in Resources */ = {isa = PBXBuildFile; fileRef = CBB1239A29F8587C0026D626 /* Preview Assets.xcassets */; };
		CBB123A529F859FA0026D626 /* Recipe.swift in Sources */ = {isa = PBXBuildFile; fileRef = CBB123A429F859FA0026D626 /* Recipe.swift */; };
		CBB123A729F85A8F0026D626 /* RecipeModel.swift in Sources */ = {isa = PBXBuildFile; fileRef = CBB123A629F85A8F0026D626 /* RecipeModel.swift */; };
		CBB123E529FA8D820026D626 /* data.json in Resources */ = {isa = PBXBuildFile; fileRef = CBB123E429FA8D820026D626 /* data.json */; };
		CBB123E729FA8FBB0026D626 /* data_pizza.json in Resources */ = {isa = PBXBuildFile; fileRef = CBB123E629FA8FBB0026D626 /* data_pizza.json */; };
/* End PBXBuildFile section */

/* Begin PBXFileReference section */
		CBB1239029F8587B0026D626 /* My-MVVM-Demo.app */ = {isa = PBXFileReference; explicitFileType = wrapper.application; includeInIndex = 0; path = "My-MVVM-Demo.app"; sourceTree = BUILT_PRODUCTS_DIR; };
		CBB1239329F8587B0026D626 /* My_MVVM_DemoApp.swift */ = {isa = PBXFileReference; lastKnownFileType = sourcecode.swift; path = My_MVVM_DemoApp.swift; sourceTree = "<group>"; };
		CBB1239529F8587B0026D626 /* ContentView.swift */ = {isa = PBXFileReference; lastKnownFileType = sourcecode.swift; path = ContentView.swift; sourceTree = "<group>"; };
		CBB1239729F8587C0026D626 /* Assets.xcassets */ = {isa = PBXFileReference; lastKnownFileType = folder.assetcatalog; path = Assets.xcassets; sourceTree = "<group>"; };
		CBB1239A29F8587C0026D626 /* Preview Assets.xcassets */ = {isa = PBXFileReference; lastKnownFileType = folder.assetcatalog; path = "Preview Assets.xcassets"; sourceTree = "<group>"; };
		CBB123A429F859FA0026D626 /* Recipe.swift */ = {isa = PBXFileReference; lastKnownFileType = sourcecode.swift; path = Recipe.swift; sourceTree = "<group>"; };
		CBB123A629F85A8F0026D626 /* RecipeModel.swift */ = {isa = PBXFileReference; lastKnownFileType = sourcecode.swift; path = RecipeModel.swift; sourceTree = "<group>"; };
		CBB123E429FA8D820026D626 /* data.json */ = {isa = PBXFileReference; lastKnownFileType = text.json; path = data.json; sourceTree = "<group>"; };
		CBB123E629FA8FBB0026D626 /* data_pizza.json */ = {isa = PBXFileReference; lastKnownFileType = text.json; path = data_pizza.json; sourceTree = "<group>"; };
/* End PBXFileReference section */

/* Begin PBXFrameworksBuildPhase section */
		CBB1238D29F8587B0026D626 /* Frameworks */ = {
			isa = PBXFrameworksBuildPhase;
			buildActionMask = 2147483647;
			files = (
			);
			runOnlyForDeploymentPostprocessing = 0;
		};
/* End PBXFrameworksBuildPhase section */

/* Begin PBXGroup section */
		CBB1238729F8587B0026D626 = {
			isa = PBXGroup;
			children = (
				CBB1239229F8587B0026D626 /* My-MVVM-Demo */,
				CBB1239129F8587B0026D626 /* Products */,
			);
			sourceTree = "<group>";
		};
		CBB1239129F8587B0026D626 /* Products */ = {
			isa = PBXGroup;
			children = (
				CBB1239029F8587B0026D626 /* My-MVVM-Demo.app */,
			);
			name = Products;
			sourceTree = "<group>";
		};
		CBB1239229F8587B0026D626 /* My-MVVM-Demo */ = {
			isa = PBXGroup;
			children = (
				CBB123E329FA8D5C0026D626 /* Data */,
				CBB123A329F858E10026D626 /* ViewModels */,
				CBB123A229F858D60026D626 /* Models */,
				CBB123A129F858C00026D626 /* Views */,
				CBB1239329F8587B0026D626 /* My_MVVM_DemoApp.swift */,
				CBB1239729F8587C0026D626 /* Assets.xcassets */,
				CBB1239929F8587C0026D626 /* Preview Content */,
			);
			path = "My-MVVM-Demo";
			sourceTree = "<group>";
		};
		CBB1239929F8587C0026D626 /* Preview Content */ = {
			isa = PBXGroup;
			children = (
				CBB1239A29F8587C0026D626 /* Preview Assets.xcassets */,
			);
			path = "Preview Content";
			sourceTree = "<group>";
		};
		CBB123A129F858C00026D626 /* Views */ = {
			isa = PBXGroup;
			children = (
				CBB1239529F8587B0026D626 /* ContentView.swift */,
			);
			path = Views;
			sourceTree = "<group>";
		};
		CBB123A229F858D60026D626 /* Models */ = {
			isa = PBXGroup;
			children = (
				CBB123A429F859FA0026D626 /* Recipe.swift */,
			);
			path = Models;
			sourceTree = "<group>";
		};
		CBB123A329F858E10026D626 /* ViewModels */ = {
			isa = PBXGroup;
			children = (
				CBB123A629F85A8F0026D626 /* RecipeModel.swift */,
			);
			path = ViewModels;
			sourceTree = "<group>";
		};
		CBB123E329FA8D5C0026D626 /* Data */ = {
			isa = PBXGroup;
			children = (
				CBB123E429FA8D820026D626 /* data.json */,
				CBB123E629FA8FBB0026D626 /* data_pizza.json */,
			);
			path = Data;
			sourceTree = "<group>";
		};
/* End PBXGroup section */

/* Begin PBXNativeTarget section */
		CBB1238F29F8587B0026D626 /* My-MVVM-Demo */ = {
			isa = PBXNativeTarget;
			buildConfigurationList = CBB1239E29F8587C0026D626 /* Build configuration list for PBXNativeTarget "My-MVVM-Demo" */;
			buildPhases = (
				CBB1238C29F8587B0026D626 /* Sources */,
				CBB1238D29F8587B0026D626 /* Frameworks */,
				CBB1238E29F8587B0026D626 /* Resources */,
			);
			buildRules = (
			);
			dependencies = (
			);
			name = "My-MVVM-Demo";
			productName = "My-MVVM-Demo";
			productReference = CBB1239029F8587B0026D626 /* My-MVVM-Demo.app */;
			productType = "com.apple.product-type.application";
		};
/* End PBXNativeTarget section */

/* Begin PBXProject section */
		CBB1238829F8587B0026D626 /* Project object */ = {
			isa = PBXProject;
			attributes = {
				BuildIndependentTargetsInParallel = 1;
				LastSwiftUpdateCheck = 1430;
				LastUpgradeCheck = 1430;
				TargetAttributes = {
					CBB1238F29F8587B0026D626 = {
						CreatedOnToolsVersion = 14.3;
					};
				};
			};
			buildConfigurationList = CBB1238B29F8587B0026D626 /* Build configuration list for PBXProject "My-MVVM-Demo" */;
			compatibilityVersion = "Xcode 14.0";
			developmentRegion = en;
			hasScannedForEncodings = 0;
			knownRegions = (
				en,
				Base,
			);
			mainGroup = CBB1238729F8587B0026D626;
			productRefGroup = CBB1239129F8587B0026D626 /* Products */;
			projectDirPath = "";
			projectRoot = "";
			targets = (
				CBB1238F29F8587B0026D626 /* My-MVVM-Demo */,
			);
		};
/* End PBXProject section */

/* Begin PBXResourcesBuildPhase section */
		CBB1238E29F8587B0026D626 /* Resources */ = {
			isa = PBXResourcesBuildPhase;
			buildActionMask = 2147483647;
			files = (
				CBB1239B29F8587C0026D626 /* Preview Assets.xcassets in Resources */,
				CBB123E529FA8D820026D626 /* data.json in Resources */,
				CBB123E729FA8FBB0026D626 /* data_pizza.json in Resources */,
				CBB1239829F8587C0026D626 /* Assets.xcassets in Resources */,
			);
			runOnlyForDeploymentPostprocessing = 0;
		};
/* End PBXResourcesBuildPhase section */

/* Begin PBXSourcesBuildPhase section */
		CBB1238C29F8587B0026D626 /* Sources */ = {
			isa = PBXSourcesBuildPhase;
			buildActionMask = 2147483647;
			files = (
				CBB123A529F859FA0026D626 /* Recipe.swift in Sources */,
				CBB123A729F85A8F0026D626 /* RecipeModel.swift in Sources */,
				CBB1239629F8587B0026D626 /* ContentView.swift in Sources */,
				CBB1239429F8587B0026D626 /* My_MVVM_DemoApp.swift in Sources */,
			);
			runOnlyForDeploymentPostprocessing = 0;
		};
/* End PBXSourcesBuildPhase section */

/* Begin XCBuildConfiguration section */
		CBB1239C29F8587C0026D626 /* Debug */ = {
			isa = XCBuildConfiguration;
			buildSettings = {
				ALWAYS_SEARCH_USER_PATHS = NO;
				CLANG_ANALYZER_NONNULL = YES;
				CLANG_ANALYZER_NUMBER_OBJECT_CONVERSION = YES_AGGRESSIVE;
				CLANG_CXX_LANGUAGE_STANDARD = "gnu++20";
				CLANG_ENABLE_MODULES = YES;
				CLANG_ENABLE_OBJC_ARC = YES;
				CLANG_ENABLE_OBJC_WEAK = YES;
				CLANG_WARN_BLOCK_CAPTURE_AUTORELEASING = YES;
				CLANG_WARN_BOOL_CONVERSION = YES;
				CLANG_WARN_COMMA = YES;
				CLANG_WARN_CONSTANT_CONVERSION = YES;
				CLANG_WARN_DEPRECATED_OBJC_IMPLEMENTATIONS = YES;
				CLANG_WARN_DIRECT_OBJC_ISA_USAGE = YES_ERROR;
				CLANG_WARN_DOCUMENTATION_COMMENTS = YES;
				CLANG_WARN_EMPTY_BODY = YES;
				CLANG_WARN_ENUM_CONVERSION = YES;
				CLANG_WARN_INFINITE_RECURSION = YES;
				CLANG_WARN_INT_CONVERSION = YES;
				CLANG_WARN_NON_LITERAL_NULL_CONVERSION = YES;
				CLANG_WARN_OBJC_IMPLICIT_RETAIN_SELF = YES;
				CLANG_WARN_OBJC_LITERAL_CONVERSION = YES;
				CLANG_WARN_OBJC_ROOT_CLASS = YES_ERROR;
				CLANG_WARN_QUOTED_INCLUDE_IN_FRAMEWORK_HEADER = YES;
				CLANG_WARN_RANGE_LOOP_ANALYSIS = YES;
				CLANG_WARN_STRICT_PROTOTYPES = YES;
				CLANG_WARN_SUSPICIOUS_MOVE = YES;
				CLANG_WARN_UNGUARDED_AVAILABILITY = YES_AGGRESSIVE;
				CLANG_WARN_UNREACHABLE_CODE = YES;
				CLANG_WARN__DUPLICATE_METHOD_MATCH = YES;
				COPY_PHASE_STRIP = NO;
				DEBUG_INFORMATION_FORMAT = dwarf;
				ENABLE_STRICT_OBJC_MSGSEND = YES;
				ENABLE_TESTABILITY = YES;
				GCC_C_LANGUAGE_STANDARD = gnu11;
				GCC_DYNAMIC_NO_PIC = NO;
				GCC_NO_COMMON_BLOCKS = YES;
				GCC_OPTIMIZATION_LEVEL = 0;
				GCC_PREPROCESSOR_DEFINITIONS = (
					"DEBUG=1",
					"$(inherited)",
				);
				GCC_WARN_64_TO_32_BIT_CONVERSION = YES;
				GCC_WARN_ABOUT_RETURN_TYPE = YES_ERROR;
				GCC_WARN_UNDECLARED_SELECTOR = YES;
				GCC_WARN_UNINITIALIZED_AUTOS = YES_AGGRESSIVE;
				GCC_WARN_UNUSED_FUNCTION = YES;
				GCC_WARN_UNUSED_VARIABLE = YES;
				IPHONEOS_DEPLOYMENT_TARGET = 16.4;
				MTL_ENABLE_DEBUG_INFO = INCLUDE_SOURCE;
				MTL_FAST_MATH = YES;
				ONLY_ACTIVE_ARCH = YES;
				SDKROOT = iphoneos;
				SWIFT_ACTIVE_COMPILATION_CONDITIONS = DEBUG;
				SWIFT_OPTIMIZATION_LEVEL = "-Onone";
			};
			name = Debug;
		};
		CBB1239D29F8587C0026D626 /* Release */ = {
			isa = XCBuildConfiguration;
			buildSettings = {
				ALWAYS_SEARCH_USER_PATHS = NO;
				CLANG_ANALYZER_NONNULL = YES;
				CLANG_ANALYZER_NUMBER_OBJECT_CONVERSION = YES_AGGRESSIVE;
				CLANG_CXX_LANGUAGE_STANDARD = "gnu++20";
				CLANG_ENABLE_MODULES = YES;
				CLANG_ENABLE_OBJC_ARC = YES;
				CLANG_ENABLE_OBJC_WEAK = YES;
				CLANG_WARN_BLOCK_CAPTURE_AUTORELEASING = YES;
				CLANG_WARN_BOOL_CONVERSION = YES;
				CLANG_WARN_COMMA = YES;
				CLANG_WARN_CONSTANT_CONVERSION = YES;
				CLANG_WARN_DEPRECATED_OBJC_IMPLEMENTATIONS = YES;
				CLANG_WARN_DIRECT_OBJC_ISA_USAGE = YES_ERROR;
				CLANG_WARN_DOCUMENTATION_COMMENTS = YES;
				CLANG_WARN_EMPTY_BODY = YES;
				CLANG_WARN_ENUM_CONVERSION = YES;
				CLANG_WARN_INFINITE_RECURSION = YES;
				CLANG_WARN_INT_CONVERSION = YES;
				CLANG_WARN_NON_LITERAL_NULL_CONVERSION = YES;
				CLANG_WARN_OBJC_IMPLICIT_RETAIN_SELF = YES;
				CLANG_WARN_OBJC_LITERAL_CONVERSION = YES;
				CLANG_WARN_OBJC_ROOT_CLASS = YES_ERROR;
				CLANG_WARN_QUOTED_INCLUDE_IN_FRAMEWORK_HEADER = YES;
				CLANG_WARN_RANGE_LOOP_ANALYSIS = YES;
				CLANG_WARN_STRICT_PROTOTYPES = YES;
				CLANG_WARN_SUSPICIOUS_MOVE = YES;
				CLANG_WARN_UNGUARDED_AVAILABILITY = YES_AGGRESSIVE;
				CLANG_WARN_UNREACHABLE_CODE = YES;
				CLANG_WARN__DUPLICATE_METHOD_MATCH = YES;
				COPY_PHASE_STRIP = NO;
				DEBUG_INFORMATION_FORMAT = "dwarf-with-dsym";
				ENABLE_NS_ASSERTIONS = NO;
				ENABLE_STRICT_OBJC_MSGSEND = YES;
				GCC_C_LANGUAGE_STANDARD = gnu11;
				GCC_NO_COMMON_BLOCKS = YES;
				GCC_WARN_64_TO_32_BIT_CONVERSION = YES;
				GCC_WARN_ABOUT_RETURN_TYPE = YES_ERROR;
				GCC_WARN_UNDECLARED_SELECTOR = YES;
				GCC_WARN_UNINITIALIZED_AUTOS = YES_AGGRESSIVE;
				GCC_WARN_UNUSED_FUNCTION = YES;
				GCC_WARN_UNUSED_VARIABLE = YES;
				IPHONEOS_DEPLOYMENT_TARGET = 16.4;
				MTL_ENABLE_DEBUG_INFO = NO;
				MTL_FAST_MATH = YES;
				SDKROOT = iphoneos;
				SWIFT_COMPILATION_MODE = wholemodule;
				SWIFT_OPTIMIZATION_LEVEL = "-O";
				VALIDATE_PRODUCT = YES;
			};
			name = Release;
		};
		CBB1239F29F8587C0026D626 /* Debug */ = {
			isa = XCBuildConfiguration;
			buildSettings = {
				ASSETCATALOG_COMPILER_APPICON_NAME = AppIcon;
				ASSETCATALOG_COMPILER_GLOBAL_ACCENT_COLOR_NAME = AccentColor;
				CODE_SIGN_STYLE = Automatic;
				CURRENT_PROJECT_VERSION = 1;
				DEVELOPMENT_ASSET_PATHS = "\"My-MVVM-Demo/Preview Content\"";
				DEVELOPMENT_TEAM = HPPFA3WU3R;
				ENABLE_PREVIEWS = YES;
				GENERATE_INFOPLIST_FILE = YES;
				INFOPLIST_KEY_UIApplicationSceneManifest_Generation = YES;
				INFOPLIST_KEY_UIApplicationSupportsIndirectInputEvents = YES;
				INFOPLIST_KEY_UILaunchScreen_Generation = YES;
				INFOPLIST_KEY_UISupportedInterfaceOrientations_iPad = "UIInterfaceOrientationPortrait UIInterfaceOrientationPortraitUpsideDown UIInterfaceOrientationLandscapeLeft UIInterfaceOrientationLandscapeRight";
				INFOPLIST_KEY_UISupportedInterfaceOrientations_iPhone = "UIInterfaceOrientationPortrait UIInterfaceOrientationLandscapeLeft UIInterfaceOrientationLandscapeRight";
				LD_RUNPATH_SEARCH_PATHS = (
					"$(inherited)",
					"@executable_path/Frameworks",
				);
				MARKETING_VERSION = 1.0;
				PRODUCT_BUNDLE_IDENTIFIER = "Astral-AI.My-MVVM-Demo";
				PRODUCT_NAME = "$(TARGET_NAME)";
				SWIFT_EMIT_LOC_STRINGS = YES;
				SWIFT_VERSION = 5.0;
				TARGETED_DEVICE_FAMILY = "1,2";
			};
			name = Debug;
		};
		CBB123A029F8587C0026D626 /* Release */ = {
			isa = XCBuildConfiguration;
			buildSettings = {
				ASSETCATALOG_COMPILER_APPICON_NAME = AppIcon;
				ASSETCATALOG_COMPILER_GLOBAL_ACCENT_COLOR_NAME = AccentColor;
				CODE_SIGN_STYLE = Automatic;
				CURRENT_PROJECT_VERSION = 1;
				DEVELOPMENT_ASSET_PATHS = "\"My-MVVM-Demo/Preview Content\"";
				DEVELOPMENT_TEAM = HPPFA3WU3R;
				ENABLE_PREVIEWS = YES;
				GENERATE_INFOPLIST_FILE = YES;
				INFOPLIST_KEY_UIApplicationSceneManifest_Generation = YES;
				INFOPLIST_KEY_UIApplicationSupportsIndirectInputEvents = YES;
				INFOPLIST_KEY_UILaunchScreen_Generation = YES;
				INFOPLIST_KEY_UISupportedInterfaceOrientations_iPad = "UIInterfaceOrientationPortrait UIInterfaceOrientationPortraitUpsideDown UIInterfaceOrientationLandscapeLeft UIInterfaceOrientationLandscapeRight";
				INFOPLIST_KEY_UISupportedInterfaceOrientations_iPhone = "UIInterfaceOrientationPortrait UIInterfaceOrientationLandscapeLeft UIInterfaceOrientationLandscapeRight";
				LD_RUNPATH_SEARCH_PATHS = (
					"$(inherited)",
					"@executable_path/Frameworks",
				);
				MARKETING_VERSION = 1.0;
				PRODUCT_BUNDLE_IDENTIFIER = "Astral-AI.My-MVVM-Demo";
				PRODUCT_NAME = "$(TARGET_NAME)";
				SWIFT_EMIT_LOC_STRINGS = YES;
				SWIFT_VERSION = 5.0;
				TARGETED_DEVICE_FAMILY = "1,2";
			};
			name = Release;
		};
/* End XCBuildConfiguration section */

/* Begin XCConfigurationList section */
		CBB1238B29F8587B0026D626 /* Build configuration list for PBXProject "My-MVVM-Demo" */ = {
			isa = XCConfigurationList;
			buildConfigurations = (
				CBB1239C29F8587C0026D626 /* Debug */,
				CBB1239D29F8587C0026D626 /* Release */,
			);
			defaultConfigurationIsVisible = 0;
			defaultConfigurationName = Release;
		};
		CBB1239E29F8587C0026D626 /* Build configuration list for PBXNativeTarget "My-MVVM-Demo" */ = {
			isa = XCConfigurationList;
			buildConfigurations = (
				CBB1239F29F8587C0026D626 /* Debug */,
				CBB123A029F8587C0026D626 /* Release */,
			);
			defaultConfigurationIsVisible = 0;
			defaultConfigurationName = Release;
		};
/* End XCConfigurationList section */
	};
	rootObject = CBB1238829F8587B0026D626 /* Project object */;
}
